
Microsoft Visual Studio Solution File, Format Version 12.00
# Visual Studio Version 16
VisualStudioVersion = 16.0.32602.291
MinimumVisualStudioVersion = 10.0.40219.1
Project("{8BC9CEB8-8B4A-11D0-8D11-00A0C91BC942}") = "Engine", "Engine\Engine.vcxproj", "{CCB450B0-ACDE-4E4E-BE9D-41497E6B6B97}"
EndProject
Project("{8BC9CEB8-8B4A-11D0-8D11-00A0C91BC942}") = "EngineTests", "EngineTests\EngineTests.vcxproj", "{8F842854-99BC-4891-9CBA-C6ADC2E2EF5B}"
EndProject
Global
	GlobalSection(SolutionConfigurationPlatforms) = preSolution
		Debug|x64 = Debug|x64
		Debug|x86 = Debug|x86
		Release|x64 = Release|x64
		Release|x86 = Release|x86
	EndGlobalSection
	GlobalSection(ProjectConfigurationPlatforms) = postSolution
		{CCB450B0-ACDE-4E4E-BE9D-41497E6B6B97}.Debug|x64.ActiveCfg = Debug|x64
		{CCB450B0-ACDE-4E4E-BE9D-41497E6B6B97}.Debug|x64.Build.0 = Debug|x64
		{CCB450B0-ACDE-4E4E-BE9D-41497E6B6B97}.Debug|x86.ActiveCfg = Debug|Win32
		{CCB450B0-ACDE-4E4E-BE9D-41497E6B6B97}.Debug|x86.Build.0 = Debug|Win32
		{CCB450B0-ACDE-4E4E-BE9D-41497E6B6B97}.Release|x64.ActiveCfg = Release|x64
		{CCB450B0-ACDE-4E4E-BE9D-41497E6B6B97}.Release|x64.Build.0 = Release|x64
		{CCB450B0-ACDE-4E4E-BE9D-41497E6B6B97}.Release|x86.ActiveCfg = Release|Win32
		{CCB450B0-ACDE-4E4E-BE9D-41497E6B6B97}.Release|x86.Build.0 = Release|Win32
		{8F842854-99BC-4891-9CBA-C6ADC2E2EF5B}.Debug|x64.ActiveCfg = Debug|x64
		{8F842854-99BC-4891-9CBA-C6ADC2E2EF5B}.Debug|x64.Build.0 = Debug|x64
		{8F842854-99BC-4891-9CBA-C6ADC2E2EF5B}.Debug|x86.ActiveCfg = Debug|Win32
		{8F842854-99BC-4891-9CBA-C6ADC2E2EF5B}.Debug|x86.Build.0 = Debug|Win32
		{8F842854-99BC-4891-9CBA-C6ADC2E2EF5B}.Release|x64.ActiveCfg = Release|x64
		{8F842854-99BC-4891-9CBA-C6ADC2E2EF5B}.Release|x64.Build.0 = Release|x64
		{8F842854-99BC-4891-9CBA-C6ADC2E2EF5B}.Release|x86.ActiveCfg = Release|Win32
		{8F842854-99BC-4891-9CBA-C6ADC2E2EF5B}.Release|x86.Build.0 = Release|Win32
	EndGlobalSection
	GlobalSection(SolutionProperties) = preSolution
		HideSolutionNode = FALSE
	EndGlobalSection
	GlobalSection(ExtensibilityGlobals) = postSolution
		SolutionGuid = {793D6BC7-A936-4DFA-B4A1-411FEC07A09C}
	EndGlobalSection
EndGlobal
